Microsoft Visual Studio Solution File, Format Version 8.00
Project("{FAE04EC0-301F-11D3-BF4B-00C04F79EFBC}") = "LazyInitialization", "LazyInitialization.csproj", "{D056C17A-7805-4547-86ED-7CCD6873879D}"
	ProjectSection(ProjectDependencies) = postProject
	EndProjectSection
EndProject
Global
	GlobalSection(SolutionConfiguration) = preSolution
		Debug = Debug
		Release = Release
	EndGlobalSection
	GlobalSection(ProjectConfiguration) = postSolution
		{D056C17A-7805-4547-86ED-7CCD6873879D}.Debug.ActiveCfg = Debug|.NET
		{D056C17A-7805-4547-86ED-7CCD6873879D}.Debug.Build.0 = Debug|.NET
		{D056C17A-7805-4547-86ED-7CCD6873879D}.Release.ActiveCfg = Release|.NET
		{D056C17A-7805-4547-86ED-7CCD6873879D}.Release.Build.0 = Release|.NET
	EndGlobalSection
	GlobalSection(ExtensibilityGlobals) = postSolution
	EndGlobalSection
	GlobalSection(ExtensibilityAddIns) = postSolution
	EndGlobalSection
EndGlobal
