Microsoft Visual Studio Solution File, Format Version 8.00
Project("{8BC9CEB8-8B4A-11D0-8D11-00A0C91BC942}") = "MemLimit", "MemLimit\MemLimit.vcproj", "{67387D70-22F7-4D1F-8691-E1365F870F75}"
	ProjectSection(ProjectDependencies) = postProject
	EndProjectSection
EndProject
Project("{8BC9CEB8-8B4A-11D0-8D11-00A0C91BC942}") = "RuntimeLoader", "RuntimeLoader.vcproj", "{6B73CC43-3CED-4CE0-933D-731AA1026B08}"
	ProjectSection(ProjectDependencies) = postProject
		{67387D70-22F7-4D1F-8691-E1365F870F75} = {67387D70-22F7-4D1F-8691-E1365F870F75}
		{5DDA06A9-5E14-470F-B56C-2701CE73D184} = {5DDA06A9-5E14-470F-B56C-2701CE73D184}
	EndProjectSection
EndProject
Project("{FAE04EC0-301F-11D3-BF4B-00C04F79EFBC}") = "WindowsApplication1", "WindowsApplication1\WindowsApplication1.csproj", "{5DDA06A9-5E14-470F-B56C-2701CE73D184}"
	ProjectSection(ProjectDependencies) = postProject
	EndProjectSection
EndProject
Global
	GlobalSection(SolutionConfiguration) = preSolution
		Debug = Debug
		Release = Release
	EndGlobalSection
	GlobalSection(ProjectConfiguration) = postSolution
		{67387D70-22F7-4D1F-8691-E1365F870F75}.Debug.ActiveCfg = Debug|Win32
		{67387D70-22F7-4D1F-8691-E1365F870F75}.Debug.Build.0 = Debug|Win32
		{67387D70-22F7-4D1F-8691-E1365F870F75}.Release.ActiveCfg = Release|Win32
		{67387D70-22F7-4D1F-8691-E1365F870F75}.Release.Build.0 = Release|Win32
		{6B73CC43-3CED-4CE0-933D-731AA1026B08}.Debug.ActiveCfg = Debug|Win32
		{6B73CC43-3CED-4CE0-933D-731AA1026B08}.Debug.Build.0 = Debug|Win32
		{6B73CC43-3CED-4CE0-933D-731AA1026B08}.Release.ActiveCfg = Release|Win32
		{6B73CC43-3CED-4CE0-933D-731AA1026B08}.Release.Build.0 = Release|Win32
		{5DDA06A9-5E14-470F-B56C-2701CE73D184}.Debug.ActiveCfg = Debug|.NET
		{5DDA06A9-5E14-470F-B56C-2701CE73D184}.Debug.Build.0 = Debug|.NET
		{5DDA06A9-5E14-470F-B56C-2701CE73D184}.Release.ActiveCfg = Release|.NET
		{5DDA06A9-5E14-470F-B56C-2701CE73D184}.Release.Build.0 = Release|.NET
	EndGlobalSection
	GlobalSection(ExtensibilityGlobals) = postSolution
	EndGlobalSection
	GlobalSection(ExtensibilityAddIns) = postSolution
	EndGlobalSection
EndGlobal
