Microsoft Visual Studio Solution File, Format Version 8.00
Project("{FAE04EC0-301F-11D3-BF4B-00C04F79EFBC}") = "BackgroundInitialization", "BackgroundInitialization.csproj", "{D6C31C33-3EBE-40CA-BFC3-8EC56DB0F635}"
	ProjectSection(ProjectDependencies) = postProject
	EndProjectSection
EndProject
Global
	GlobalSection(SolutionConfiguration) = preSolution
		Debug = Debug
		Release = Release
	EndGlobalSection
	GlobalSection(ProjectConfiguration) = postSolution
		{D6C31C33-3EBE-40CA-BFC3-8EC56DB0F635}.Debug.ActiveCfg = Debug|.NET
		{D6C31C33-3EBE-40CA-BFC3-8EC56DB0F635}.Debug.Build.0 = Debug|.NET
		{D6C31C33-3EBE-40CA-BFC3-8EC56DB0F635}.Release.ActiveCfg = Release|.NET
		{D6C31C33-3EBE-40CA-BFC3-8EC56DB0F635}.Release.Build.0 = Release|.NET
	EndGlobalSection
	GlobalSection(ExtensibilityGlobals) = postSolution
	EndGlobalSection
	GlobalSection(ExtensibilityAddIns) = postSolution
	EndGlobalSection
EndGlobal
