Microsoft Visual Studio Solution File, Format Version 8.00
Project("{FAE04EC0-301F-11D3-BF4B-00C04F79EFBC}") = "RegExToAssm", "RegExToAssm.csproj", "{E874998E-8AD2-426D-8A87-006F5C403804}"
	ProjectSection(ProjectDependencies) = postProject
	EndProjectSection
EndProject
Global
	GlobalSection(SolutionConfiguration) = preSolution
		Debug = Debug
		Release = Release
	EndGlobalSection
	GlobalSection(ProjectConfiguration) = postSolution
		{E874998E-8AD2-426D-8A87-006F5C403804}.Debug.ActiveCfg = Debug|.NET
		{E874998E-8AD2-426D-8A87-006F5C403804}.Debug.Build.0 = Debug|.NET
		{E874998E-8AD2-426D-8A87-006F5C403804}.Release.ActiveCfg = Release|.NET
		{E874998E-8AD2-426D-8A87-006F5C403804}.Release.Build.0 = Release|.NET
	EndGlobalSection
	GlobalSection(ExtensibilityGlobals) = postSolution
	EndGlobalSection
	GlobalSection(ExtensibilityAddIns) = postSolution
	EndGlobalSection
EndGlobal
